
Microsoft Visual Studio Solution File, Format Version 12.00
# Visual Studio Version 16
VisualStudioVersion = 16.0.29020.237
MinimumVisualStudioVersion = 10.0.40219.1
Project("{9A19103F-16F7-4668-BE54-9A1E7A4F7556}") = "Stock", "Stock.csproj", "{4A4E238A-574F-4AE1-91D1-7240138A16EE}"
EndProject
Global
	GlobalSection(SolutionConfigurationPlatforms) = preSolution
		Debug|Any CPU = Debug|Any CPU
		Release|Any CPU = Release|Any CPU
	EndGlobalSection
	GlobalSection(ProjectConfigurationPlatforms) = postSolution
		{4A4E238A-574F-4AE1-91D1-7240138A16EE}.Debug|Any CPU.ActiveCfg = Debug|Any CPU
		{4A4E238A-574F-4AE1-91D1-7240138A16EE}.Debug|Any CPU.Build.0 = Debug|Any CPU
		{4A4E238A-574F-4AE1-91D1-7240138A16EE}.Release|Any CPU.ActiveCfg = Release|Any CPU
		{4A4E238A-574F-4AE1-91D1-7240138A16EE}.Release|Any CPU.Build.0 = Release|Any CPU
	EndGlobalSection
	GlobalSection(SolutionProperties) = preSolution
		HideSolutionNode = FALSE
	EndGlobalSection
	GlobalSection(ExtensibilityGlobals) = postSolution
		SolutionGuid = {6F8050D7-CD11-40F6-B887-CCBB4F29D939}
	EndGlobalSection
EndGlobal
